// !$*UTF8*$!
{
	archiveVersion = 1;
	classes = {
	};
	objectVersion = 56;
	objects = {

/* Begin PBXBuildFile section */
		7FCE09792BA7218000D2B74D /* MyMapAppApp.swift in Sources */ = {isa = PBXBuildFile; fileRef = 7FCE09782BA7218000D2B74D /* MyMapAppApp.swift */; };
		7FCE097B2BA7218000D2B74D /* ContentView.swift in Sources */ = {isa = PBXBuildFile; fileRef = 7FCE097A2BA7218000D2B74D /* ContentView.swift */; };
		7FCE097D2BA7218300D2B74D /* Assets.xcassets in Resources */ = {isa = PBXBuildFile; fileRef = 7FCE097C2BA7218300D2B74D /* Assets.xcassets */; };
		7FCE09802BA7218300D2B74D /* Preview Assets.xcassets in Resources */ = {isa = PBXBuildFile; fileRef = 7FCE097F2BA7218300D2B74D /* Preview Assets.xcassets */; };
		7FCE098A2BA7218400D2B74D /* MyMapAppTests.swift in Sources */ = {isa = PBXBuildFile; fileRef = 7FCE09892BA7218400D2B74D /* MyMapAppTests.swift */; };
		7FCE09942BA7218400D2B74D /* MyMapAppUITests.swift in Sources */ = {isa = PBXBuildFile; fileRef = 7FCE09932BA7218400D2B74D /* MyMapAppUITests.swift */; };
		7FCE09962BA7218400D2B74D /* MyMapAppUITestsLaunchTests.swift in Sources */ = {isa = PBXBuildFile; fileRef = 7FCE09952BA7218400D2B74D /* MyMapAppUITestsLaunchTests.swift */; };
/* End PBXBuildFile section */

/* Begin PBXContainerItemProxy section */
		7FCE09862BA7218400D2B74D /* PBXContainerItemProxy */ = {
			isa = PBXContainerItemProxy;
			containerPortal = 7FCE096D2BA7218000D2B74D /* Project object */;
			proxyType = 1;
			remoteGlobalIDString = 7FCE09742BA7218000D2B74D;
			remoteInfo = MyMapApp;
		};
		7FCE09902BA7218400D2B74D /* PBXContainerItemProxy */ = {
			isa = PBXContainerItemProxy;
			containerPortal = 7FCE096D2BA7218000D2B74D /* Project object */;
			proxyType = 1;
			remoteGlobalIDString = 7FCE09742BA7218000D2B74D;
			remoteInfo = MyMapApp;
		};
/* End PBXContainerItemProxy section */

/* Begin PBXFileReference section */
		7FCE09752BA7218000D2B74D /* MyMapApp.app */ = {isa = PBXFileReference; explicitFileType = wrapper.application; includeInIndex = 0; path = MyMapApp.app; sourceTree = BUILT_PRODUCTS_DIR; };
		7FCE09782BA7218000D2B74D /* MyMapAppApp.swift */ = {isa = PBXFileReference; lastKnownFileType = sourcecode.swift; path = MyMapAppApp.swift; sourceTree = "<group>"; };
		7FCE097A2BA7218000D2B74D /* ContentView.swift */ = {isa = PBXFileReference; lastKnownFileType = sourcecode.swift; path = ContentView.swift; sourceTree = "<group>"; };
		7FCE097C2BA7218300D2B74D /* Assets.xcassets */ = {isa = PBXFileReference; lastKnownFileType = folder.assetcatalog; path = Assets.xcassets; sourceTree = "<group>"; };
		7FCE097F2BA7218300D2B74D /* Preview Assets.xcassets */ = {isa = PBXFileReference; lastKnownFileType = folder.assetcatalog; path = "Preview Assets.xcassets"; sourceTree = "<group>"; };
		7FCE09852BA7218400D2B74D /* MyMapAppTests.xctest */ = {isa = PBXFileReference; explicitFileType = wrapper.cfbundle; includeInIndex = 0; path = MyMapAppTests.xctest; sourceTree = BUILT_PRODUCTS_DIR; };
		7FCE09892BA7218400D2B74D /* MyMapAppTests.swift */ = {isa = PBXFileReference; lastKnownFileType = sourcecode.swift; path = MyMapAppTests.swift; sourceTree = "<group>"; };
		7FCE098F2BA7218400D2B74D /* MyMapAppUITests.xctest */ = {isa = PBXFileReference; explicitFileType = wrapper.cfbundle; includeInIndex = 0; path = MyMapAppUITests.xctest; sourceTree = BUILT_PRODUCTS_DIR; };
		7FCE09932BA7218400D2B74D /* MyMapAppUITests.swift */ = {isa = PBXFileReference; lastKnownFileType = sourcecode.swift; path = MyMapAppUITests.swift; sourceTree = "<group>"; };
		7FCE09952BA7218400D2B74D /* MyMapAppUITestsLaunchTests.swift */ = {isa = PBXFileReference; lastKnownFileType = sourcecode.swift; path = MyMapAppUITestsLaunchTests.swift; sourceTree = "<group>"; };
/* End PBXFileReference section */

/* Begin PBXFrameworksBuildPhase section */
		7FCE09722BA7218000D2B74D /* Frameworks */ = {
			isa = PBXFrameworksBuildPhase;
			buildActionMask = 2147483647;
			files = (
			);
			runOnlyForDeploymentPostprocessing = 0;
		};
		7FCE09822BA7218400D2B74D /* Frameworks */ = {
			isa = PBXFrameworksBuildPhase;
			buildActionMask = 2147483647;
			files = (
			);
			runOnlyForDeploymentPostprocessing = 0;
		};
		7FCE098C2BA7218400D2B74D /* Frameworks */ = {
			isa = PBXFrameworksBuildPhase;
			buildActionMask = 2147483647;
			files = (
			);
			runOnlyForDeploymentPostprocessing = 0;
		};
/* End PBXFrameworksBuildPhase section */

/* Begin PBXGroup section */
		7FCE096C2BA7218000D2B74D = {
			isa = PBXGroup;
			children = (
				7FCE09772BA7218000D2B74D /* MyMapApp */,
				7FCE09882BA7218400D2B74D /* MyMapAppTests */,
				7FCE09922BA7218400D2B74D /* MyMapAppUITests */,
				7FCE09762BA7218000D2B74D /* Products */,
			);
			sourceTree = "<group>";
		};
		7FCE09762BA7218000D2B74D /* Products */ = {
			isa = PBXGroup;
			children = (
				7FCE09752BA7218000D2B74D /* MyMapApp.app */,
				7FCE09852BA7218400D2B74D /* MyMapAppTests.xctest */,
				7FCE098F2BA7218400D2B74D /* MyMapAppUITests.xctest */,
			);
			name = Products;
			sourceTree = "<group>";
		};
		7FCE09772BA7218000D2B74D /* MyMapApp */ = {
			isa = PBXGroup;
			children = (
				7FCE09782BA7218000D2B74D /* MyMapAppApp.swift */,
				7FCE097A2BA7218000D2B74D /* ContentView.swift */,
				7FCE097C2BA7218300D2B74D /* Assets.xcassets */,
				7FCE097E2BA7218300D2B74D /* Preview Content */,
			);
			path = MyMapApp;
			sourceTree = "<group>";
		};
		7FCE097E2BA7218300D2B74D /* Preview Content */ = {
			isa = PBXGroup;
			children = (
				7FCE097F2BA7218300D2B74D /* Preview Assets.xcassets */,
			);
			path = "Preview Content";
			sourceTree = "<group>";
		};
		7FCE09882BA7218400D2B74D /* MyMapAppTests */ = {
			isa = PBXGroup;
			children = (
				7FCE09892BA7218400D2B74D /* MyMapAppTests.swift */,
			);
			path = MyMapAppTests;
			sourceTree = "<group>";
		};
		7FCE09922BA7218400D2B74D /* MyMapAppUITests */ = {
			isa = PBXGroup;
			children = (
				7FCE09932BA7218400D2B74D /* MyMapAppUITests.swift */,
				7FCE09952BA7218400D2B74D /* MyMapAppUITestsLaunchTests.swift */,
			);
			path = MyMapAppUITests;
			sourceTree = "<group>";
		};
/* End PBXGroup section */

/* Begin PBXNativeTarget section */
		7FCE09742BA7218000D2B74D /* MyMapApp */ = {
			isa = PBXNativeTarget;
			buildConfigurationList = 7FCE09992BA7218400D2B74D /* Build configuration list for PBXNativeTarget "MyMapApp" */;
			buildPhases = (
				7FCE09712BA7218000D2B74D /* Sources */,
				7FCE09722BA7218000D2B74D /* Frameworks */,
				7FCE09732BA7218000D2B74D /* Resources */,
			);
			buildRules = (
			);
			dependencies = (
			);
			name = MyMapApp;
			productName = MyMapApp;
			productReference = 7FCE09752BA7218000D2B74D /* MyMapApp.app */;
			productType = "com.apple.product-type.application";
		};
		7FCE09842BA7218400D2B74D /* MyMapAppTests */ = {
			isa = PBXNativeTarget;
			buildConfigurationList = 7FCE099C2BA7218400D2B74D /* Build configuration list for PBXNativeTarget "MyMapAppTests" */;
			buildPhases = (
				7FCE09812BA7218400D2B74D /* Sources */,
				7FCE09822BA7218400D2B74D /* Frameworks */,
				7FCE09832BA7218400D2B74D /* Resources */,
			);
			buildRules = (
			);
			dependencies = (
				7FCE09872BA7218400D2B74D /* PBXTargetDependency */,
			);
			name = MyMapAppTests;
			productName = MyMapAppTests;
			productReference = 7FCE09852BA7218400D2B74D /* MyMapAppTests.xctest */;
			productType = "com.apple.product-type.bundle.unit-test";
		};
		7FCE098E2BA7218400D2B74D /* MyMapAppUITests */ = {
			isa = PBXNativeTarget;
			buildConfigurationList = 7FCE099F2BA7218400D2B74D /* Build configuration list for PBXNativeTarget "MyMapAppUITests" */;
			buildPhases = (
				7FCE098B2BA7218400D2B74D /* Sources */,
				7FCE098C2BA7218400D2B74D /* Frameworks */,
				7FCE098D2BA7218400D2B74D /* Resources */,
			);
			buildRules = (
			);
			dependencies = (
				7FCE09912BA7218400D2B74D /* PBXTargetDependency */,
			);
			name = MyMapAppUITests;
			productName = MyMapAppUITests;
			productReference = 7FCE098F2BA7218400D2B74D /* MyMapAppUITests.xctest */;
			productType = "com.apple.product-type.bundle.ui-testing";
		};
/* End PBXNativeTarget section */

/* Begin PBXProject section */
		7FCE096D2BA7218000D2B74D /* Project object */ = {
			isa = PBXProject;
			attributes = {
				BuildIndependentTargetsInParallel = 1;
				LastSwiftUpdateCheck = 1500;
				LastUpgradeCheck = 1500;
				TargetAttributes = {
					7FCE09742BA7218000D2B74D = {
						CreatedOnToolsVersion = 15.0.1;
					};
					7FCE09842BA7218400D2B74D = {
						CreatedOnToolsVersion = 15.0.1;
						TestTargetID = 7FCE09742BA7218000D2B74D;
					};
					7FCE098E2BA7218400D2B74D = {
						CreatedOnToolsVersion = 15.0.1;
						TestTargetID = 7FCE09742BA7218000D2B74D;
					};
				};
			};
			buildConfigurationList = 7FCE09702BA7218000D2B74D /* Build configuration list for PBXProject "MyMapApp" */;
			compatibilityVersion = "Xcode 14.0";
			developmentRegion = en;
			hasScannedForEncodings = 0;
			knownRegions = (
				en,
				Base,
			);
			mainGroup = 7FCE096C2BA7218000D2B74D;
			productRefGroup = 7FCE09762BA7218000D2B74D /* Products */;
			projectDirPath = "";
			projectRoot = "";
			targets = (
				7FCE09742BA7218000D2B74D /* MyMapApp */,
				7FCE09842BA7218400D2B74D /* MyMapAppTests */,
				7FCE098E2BA7218400D2B74D /* MyMapAppUITests */,
			);
		};
/* End PBXProject section */

/* Begin PBXResourcesBuildPhase section */
		7FCE09732BA7218000D2B74D /* Resources */ = {
			isa = PBXResourcesBuildPhase;
			buildActionMask = 2147483647;
			files = (
				7FCE09802BA7218300D2B74D /* Preview Assets.xcassets in Resources */,
				7FCE097D2BA7218300D2B74D /* Assets.xcassets in Resources */,
			);
			runOnlyForDeploymentPostprocessing = 0;
		};
		7FCE09832BA7218400D2B74D /* Resources */ = {
			isa = PBXResourcesBuildPhase;
			buildActionMask = 2147483647;
			files = (
			);
			runOnlyForDeploymentPostprocessing = 0;
		};
		7FCE098D2BA7218400D2B74D /* Resources */ = {
			isa = PBXResourcesBuildPhase;
			buildActionMask = 2147483647;
			files = (
			);
			runOnlyForDeploymentPostprocessing = 0;
		};
/* End PBXResourcesBuildPhase section */

/* Begin PBXSourcesBuildPhase section */
		7FCE09712BA7218000D2B74D /* Sources */ = {
			isa = PBXSourcesBuildPhase;
			buildActionMask = 2147483647;
			files = (
				7FCE097B2BA7218000D2B74D /* ContentView.swift in Sources */,
				7FCE09792BA7218000D2B74D /* MyMapAppApp.swift in Sources */,
			);
			runOnlyForDeploymentPostprocessing = 0;
		};
		7FCE09812BA7218400D2B74D /* Sources */ = {
			isa = PBXSourcesBuildPhase;
			buildActionMask = 2147483647;
			files = (
				7FCE098A2BA7218400D2B74D /* MyMapAppTests.swift in Sources */,
			);
			runOnlyForDeploymentPostprocessing = 0;
		};
		7FCE098B2BA7218400D2B74D /* Sources */ = {
			isa = PBXSourcesBuildPhase;
			buildActionMask = 2147483647;
			files = (
				7FCE09962BA7218400D2B74D /* MyMapAppUITestsLaunchTests.swift in Sources */,
				7FCE09942BA7218400D2B74D /* MyMapAppUITests.swift in Sources */,
			);
			runOnlyForDeploymentPostprocessing = 0;
		};
/* End PBXSourcesBuildPhase section */

/* Begin PBXTargetDependency section */
		7FCE09872BA7218400D2B74D /* PBXTargetDependency */ = {
			isa = PBXTargetDependency;
			target = 7FCE09742BA7218000D2B74D /* MyMapApp */;
			targetProxy = 7FCE09862BA7218400D2B74D /* PBXContainerItemProxy */;
		};
		7FCE09912BA7218400D2B74D /* PBXTargetDependency */ = {
			isa = PBXTargetDependency;
			target = 7FCE09742BA7218000D2B74D /* MyMapApp */;
			targetProxy = 7FCE09902BA7218400D2B74D /* PBXContainerItemProxy */;
		};
/* End PBXTargetDependency section */

/* Begin XCBuildConfiguration section */
		7FCE09972BA7218400D2B74D /* Debug */ = {
			isa = XCBuildConfiguration;
			buildSettings = {
				ALWAYS_SEARCH_USER_PATHS = NO;
				ASSETCATALOG_COMPILER_GENERATE_SWIFT_ASSET_SYMBOL_EXTENSIONS = YES;
				CLANG_ANALYZER_NONNULL = YES;
				CLANG_ANALYZER_NUMBER_OBJECT_CONVERSION = YES_AGGRESSIVE;
				CLANG_CXX_LANGUAGE_STANDARD = "gnu++20";
				CLANG_ENABLE_MODULES = YES;
				CLANG_ENABLE_OBJC_ARC = YES;
				CLANG_ENABLE_OBJC_WEAK = YES;
				CLANG_WARN_BLOCK_CAPTURE_AUTORELEASING = YES;
				CLANG_WARN_BOOL_CONVERSION = YES;
				CLANG_WARN_COMMA = YES;
				CLANG_WARN_CONSTANT_CONVERSION = YES;
				CLANG_WARN_DEPRECATED_OBJC_IMPLEMENTATIONS = YES;
				CLANG_WARN_DIRECT_OBJC_ISA_USAGE = YES_ERROR;
				CLANG_WARN_DOCUMENTATION_COMMENTS = YES;
				CLANG_WARN_EMPTY_BODY = YES;
				CLANG_WARN_ENUM_CONVERSION = YES;
				CLANG_WARN_INFINITE_RECURSION = YES;
				CLANG_WARN_INT_CONVERSION = YES;
				CLANG_WARN_NON_LITERAL_NULL_CONVERSION = YES;
				CLANG_WARN_OBJC_IMPLICIT_RETAIN_SELF = YES;
				CLANG_WARN_OBJC_LITERAL_CONVERSION = YES;
				CLANG_WARN_OBJC_ROOT_CLASS = YES_ERROR;
				CLANG_WARN_QUOTED_INCLUDE_IN_FRAMEWORK_HEADER = YES;
				CLANG_WARN_RANGE_LOOP_ANALYSIS = YES;
				CLANG_WARN_STRICT_PROTOTYPES = YES;
				CLANG_WARN_SUSPICIOUS_MOVE = YES;
				CLANG_WARN_UNGUARDED_AVAILABILITY = YES_AGGRESSIVE;
				CLANG_WARN_UNREACHABLE_CODE = YES;
				CLANG_WARN__DUPLICATE_METHOD_MATCH = YES;
				COPY_PHASE_STRIP = NO;
				DEBUG_INFORMATION_FORMAT = dwarf;
				ENABLE_STRICT_OBJC_MSGSEND = YES;
				ENABLE_TESTABILITY = YES;
				ENABLE_USER_SCRIPT_SANDBOXING = YES;
				GCC_C_LANGUAGE_STANDARD = gnu17;
				GCC_DYNAMIC_NO_PIC = NO;
				GCC_NO_COMMON_BLOCKS = YES;
				GCC_OPTIMIZATION_LEVEL = 0;
				GCC_PREPROCESSOR_DEFINITIONS = (
					"DEBUG=1",
					"$(inherited)",
				);
				GCC_WARN_64_TO_32_BIT_CONVERSION = YES;
				GCC_WARN_ABOUT_RETURN_TYPE = YES_ERROR;
				GCC_WARN_UNDECLARED_SELECTOR = YES;
				GCC_WARN_UNINITIALIZED_AUTOS = YES_AGGRESSIVE;
				GCC_WARN_UNUSED_FUNCTION = YES;
				GCC_WARN_UNUSED_VARIABLE = YES;
				IPHONEOS_DEPLOYMENT_TARGET = 17.0;
				LOCALIZATION_PREFERS_STRING_CATALOGS = YES;
				MTL_ENABLE_DEBUG_INFO = INCLUDE_SOURCE;
				MTL_FAST_MATH = YES;
				ONLY_ACTIVE_ARCH = YES;
				SDKROOT = iphoneos;
				SWIFT_ACTIVE_COMPILATION_CONDITIONS = "DEBUG $(inherited)";
				SWIFT_OPTIMIZATION_LEVEL = "-Onone";
			};
			name = Debug;
		};
		7FCE09982BA7218400D2B74D /* Release */ = {
			isa = XCBuildConfiguration;
			buildSettings = {
				ALWAYS_SEARCH_USER_PATHS = NO;
				ASSETCATALOG_COMPILER_GENERATE_SWIFT_ASSET_SYMBOL_EXTENSIONS = YES;
				CLANG_ANALYZER_NONNULL = YES;
				CLANG_ANALYZER_NUMBER_OBJECT_CONVERSION = YES_AGGRESSIVE;
				CLANG_CXX_LANGUAGE_STANDARD = "gnu++20";
				CLANG_ENABLE_MODULES = YES;
				CLANG_ENABLE_OBJC_ARC = YES;
				CLANG_ENABLE_OBJC_WEAK = YES;
				CLANG_WARN_BLOCK_CAPTURE_AUTORELEASING = YES;
				CLANG_WARN_BOOL_CONVERSION = YES;
				CLANG_WARN_COMMA = YES;
				CLANG_WARN_CONSTANT_CONVERSION = YES;
				CLANG_WARN_DEPRECATED_OBJC_IMPLEMENTATIONS = YES;
				CLANG_WARN_DIRECT_OBJC_ISA_USAGE = YES_ERROR;
				CLANG_WARN_DOCUMENTATION_COMMENTS = YES;
				CLANG_WARN_EMPTY_BODY = YES;
				CLANG_WARN_ENUM_CONVERSION = YES;
				CLANG_WARN_INFINITE_RECURSION = YES;
				CLANG_WARN_INT_CONVERSION = YES;
				CLANG_WARN_NON_LITERAL_NULL_CONVERSION = YES;
				CLANG_WARN_OBJC_IMPLICIT_RETAIN_SELF = YES;
				CLANG_WARN_OBJC_LITERAL_CONVERSION = YES;
				CLANG_WARN_OBJC_ROOT_CLASS = YES_ERROR;
				CLANG_WARN_QUOTED_INCLUDE_IN_FRAMEWORK_HEADER = YES;
				CLANG_WARN_RANGE_LOOP_ANALYSIS = YES;
				CLANG_WARN_STRICT_PROTOTYPES = YES;
				CLANG_WARN_SUSPICIOUS_MOVE = YES;
				CLANG_WARN_UNGUARDED_AVAILABILITY = YES_AGGRESSIVE;
				CLANG_WARN_UNREACHABLE_CODE = YES;
				CLANG_WARN__DUPLICATE_METHOD_MATCH = YES;
				COPY_PHASE_STRIP = NO;
				DEBUG_INFORMATION_FORMAT = "dwarf-with-dsym";
				ENABLE_NS_ASSERTIONS = NO;
				ENABLE_STRICT_OBJC_MSGSEND = YES;
				ENABLE_USER_SCRIPT_SANDBOXING = YES;
				GCC_C_LANGUAGE_STANDARD = gnu17;
				GCC_NO_COMMON_BLOCKS = YES;
				GCC_WARN_64_TO_32_BIT_CONVERSION = YES;
				GCC_WARN_ABOUT_RETURN_TYPE = YES_ERROR;
				GCC_WARN_UNDECLARED_SELECTOR = YES;
				GCC_WARN_UNINITIALIZED_AUTOS = YES_AGGRESSIVE;
				GCC_WARN_UNUSED_FUNCTION = YES;
				GCC_WARN_UNUSED_VARIABLE = YES;
				IPHONEOS_DEPLOYMENT_TARGET = 17.0;
				LOCALIZATION_PREFERS_STRING_CATALOGS = YES;
				MTL_ENABLE_DEBUG_INFO = NO;
				MTL_FAST_MATH = YES;
				SDKROOT = iphoneos;
				SWIFT_COMPILATION_MODE = wholemodule;
				VALIDATE_PRODUCT = YES;
			};
			name = Release;
		};
		7FCE099A2BA7218400D2B74D /* Debug */ = {
			isa = XCBuildConfiguration;
			buildSettings = {
				ASSETCATALOG_COMPILER_APPICON_NAME = AppIcon;
				ASSETCATALOG_COMPILER_GLOBAL_ACCENT_COLOR_NAME = AccentColor;
				CODE_SIGN_STYLE = Automatic;
				CURRENT_PROJECT_VERSION = 1;
				DEVELOPMENT_ASSET_PATHS = "\"MyMapApp/Preview Content\"";
				DEVELOPMENT_TEAM = PPGW64ZB2J;
				ENABLE_PREVIEWS = YES;
				GENERATE_INFOPLIST_FILE = YES;
				INFOPLIST_KEY_UIApplicationSceneManifest_Generation = YES;
				INFOPLIST_KEY_UIApplicationSupportsIndirectInputEvents = YES;
				INFOPLIST_KEY_UILaunchScreen_Generation = YES;
				INFOPLIST_KEY_UISupportedInterfaceOrientations_iPad = "UIInterfaceOrientationPortrait UIInterfaceOrientationPortraitUpsideDown UIInterfaceOrientationLandscapeLeft UIInterfaceOrientationLandscapeRight";
				INFOPLIST_KEY_UISupportedInterfaceOrientations_iPhone = "UIInterfaceOrientationPortrait UIInterfaceOrientationLandscapeLeft UIInterfaceOrientationLandscapeRight";
				LD_RUNPATH_SEARCH_PATHS = (
					"$(inherited)",
					"@executable_path/Frameworks",
				);
				MARKETING_VERSION = 1.0;
				PRODUCT_BUNDLE_IDENTIFIER = com.globaldatatek.MyMapApp;
				PRODUCT_NAME = "$(TARGET_NAME)";
				SWIFT_EMIT_LOC_STRINGS = YES;
				SWIFT_VERSION = 5.0;
				TARGETED_DEVICE_FAMILY = "1,2";
			};
			name = Debug;
		};
		7FCE099B2BA7218400D2B74D /* Release */ = {
			isa = XCBuildConfiguration;
			buildSettings = {
				ASSETCATALOG_COMPILER_APPICON_NAME = AppIcon;
				ASSETCATALOG_COMPILER_GLOBAL_ACCENT_COLOR_NAME = AccentColor;
				CODE_SIGN_STYLE = Automatic;
				CURRENT_PROJECT_VERSION = 1;
				DEVELOPMENT_ASSET_PATHS = "\"MyMapApp/Preview Content\"";
				DEVELOPMENT_TEAM = PPGW64ZB2J;
				ENABLE_PREVIEWS = YES;
				GENERATE_INFOPLIST_FILE = YES;
				INFOPLIST_KEY_UIApplicationSceneManifest_Generation = YES;
				INFOPLIST_KEY_UIApplicationSupportsIndirectInputEvents = YES;
				INFOPLIST_KEY_UILaunchScreen_Generation = YES;
				INFOPLIST_KEY_UISupportedInterfaceOrientations_iPad = "UIInterfaceOrientationPortrait UIInterfaceOrientationPortraitUpsideDown UIInterfaceOrientationLandscapeLeft UIInterfaceOrientationLandscapeRight";
				INFOPLIST_KEY_UISupportedInterfaceOrientations_iPhone = "UIInterfaceOrientationPortrait UIInterfaceOrientationLandscapeLeft UIInterfaceOrientationLandscapeRight";
				LD_RUNPATH_SEARCH_PATHS = (
					"$(inherited)",
					"@executable_path/Frameworks",
				);
				MARKETING_VERSION = 1.0;
				PRODUCT_BUNDLE_IDENTIFIER = com.globaldatatek.MyMapApp;
				PRODUCT_NAME = "$(TARGET_NAME)";
				SWIFT_EMIT_LOC_STRINGS = YES;
				SWIFT_VERSION = 5.0;
				TARGETED_DEVICE_FAMILY = "1,2";
			};
			name = Release;
		};
		7FCE099D2BA7218400D2B74D /* Debug */ = {
			isa = XCBuildConfiguration;
			buildSettings = {
				ALWAYS_EMBED_SWIFT_STANDARD_LIBRARIES = YES;
				BUNDLE_LOADER = "$(TEST_HOST)";
				CODE_SIGN_STYLE = Automatic;
				CURRENT_PROJECT_VERSION = 1;
				DEVELOPMENT_TEAM = PPGW64ZB2J;
				GENERATE_INFOPLIST_FILE = YES;
				IPHONEOS_DEPLOYMENT_TARGET = 17.0;
				MARKETING_VERSION = 1.0;
				PRODUCT_BUNDLE_IDENTIFIER = com.globaldatatek.MyMapAppTests;
				PRODUCT_NAME = "$(TARGET_NAME)";
				SWIFT_EMIT_LOC_STRINGS = NO;
				SWIFT_VERSION = 5.0;
				TARGETED_DEVICE_FAMILY = "1,2";
				TEST_HOST = "$(BUILT_PRODUCTS_DIR)/MyMapApp.app/$(BUNDLE_EXECUTABLE_FOLDER_PATH)/MyMapApp";
			};
			name = Debug;
		};
		7FCE099E2BA7218400D2B74D /* Release */ = {
			isa = XCBuildConfiguration;
			buildSettings = {
				ALWAYS_EMBED_SWIFT_STANDARD_LIBRARIES = YES;
				BUNDLE_LOADER = "$(TEST_HOST)";
				CODE_SIGN_STYLE = Automatic;
				CURRENT_PROJECT_VERSION = 1;
				DEVELOPMENT_TEAM = PPGW64ZB2J;
				GENERATE_INFOPLIST_FILE = YES;
				IPHONEOS_DEPLOYMENT_TARGET = 17.0;
				MARKETING_VERSION = 1.0;
				PRODUCT_BUNDLE_IDENTIFIER = com.globaldatatek.MyMapAppTests;
				PRODUCT_NAME = "$(TARGET_NAME)";
				SWIFT_EMIT_LOC_STRINGS = NO;
				SWIFT_VERSION = 5.0;
				TARGETED_DEVICE_FAMILY = "1,2";
				TEST_HOST = "$(BUILT_PRODUCTS_DIR)/MyMapApp.app/$(BUNDLE_EXECUTABLE_FOLDER_PATH)/MyMapApp";
			};
			name = Release;
		};
		7FCE09A02BA7218400D2B74D /* Debug */ = {
			isa = XCBuildConfiguration;
			buildSettings = {
				ALWAYS_EMBED_SWIFT_STANDARD_LIBRARIES = YES;
				CODE_SIGN_STYLE = Automatic;
				CURRENT_PROJECT_VERSION = 1;
				DEVELOPMENT_TEAM = PPGW64ZB2J;
				GENERATE_INFOPLIST_FILE = YES;
				MARKETING_VERSION = 1.0;
				PRODUCT_BUNDLE_IDENTIFIER = com.globaldatatek.MyMapAppUITests;
				PRODUCT_NAME = "$(TARGET_NAME)";
				SWIFT_EMIT_LOC_STRINGS = NO;
				SWIFT_VERSION = 5.0;
				TARGETED_DEVICE_FAMILY = "1,2";
				TEST_TARGET_NAME = MyMapApp;
			};
			name = Debug;
		};
		7FCE09A12BA7218400D2B74D /* Release */ = {
			isa = XCBuildConfiguration;
			buildSettings = {
				ALWAYS_EMBED_SWIFT_STANDARD_LIBRARIES = YES;
				CODE_SIGN_STYLE = Automatic;
				CURRENT_PROJECT_VERSION = 1;
				DEVELOPMENT_TEAM = PPGW64ZB2J;
				GENERATE_INFOPLIST_FILE = YES;
				MARKETING_VERSION = 1.0;
				PRODUCT_BUNDLE_IDENTIFIER = com.globaldatatek.MyMapAppUITests;
				PRODUCT_NAME = "$(TARGET_NAME)";
				SWIFT_EMIT_LOC_STRINGS = NO;
				SWIFT_VERSION = 5.0;
				TARGETED_DEVICE_FAMILY = "1,2";
				TEST_TARGET_NAME = MyMapApp;
			};
			name = Release;
		};
/* End XCBuildConfiguration section */

/* Begin XCConfigurationList section */
		7FCE09702BA7218000D2B74D /* Build configuration list for PBXProject "MyMapApp" */ = {
			isa = XCConfigurationList;
			buildConfigurations = (
				7FCE09972BA7218400D2B74D /* Debug */,
				7FCE09982BA7218400D2B74D /* Release */,
			);
			defaultConfigurationIsVisible = 0;
			defaultConfigurationName = Release;
		};
		7FCE09992BA7218400D2B74D /* Build configuration list for PBXNativeTarget "MyMapApp" */ = {
			isa = XCConfigurationList;
			buildConfigurations = (
				7FCE099A2BA7218400D2B74D /* Debug */,
				7FCE099B2BA7218400D2B74D /* Release */,
			);
			defaultConfigurationIsVisible = 0;
			defaultConfigurationName = Release;
		};
		7FCE099C2BA7218400D2B74D /* Build configuration list for PBXNativeTarget "MyMapAppTests" */ = {
			isa = XCConfigurationList;
			buildConfigurations = (
				7FCE099D2BA7218400D2B74D /* Debug */,
				7FCE099E2BA7218400D2B74D /* Release */,
			);
			defaultConfigurationIsVisible = 0;
			defaultConfigurationName = Release;
		};
		7FCE099F2BA7218400D2B74D /* Build configuration list for PBXNativeTarget "MyMapAppUITests" */ = {
			isa = XCConfigurationList;
			buildConfigurations = (
				7FCE09A02BA7218400D2B74D /* Debug */,
				7FCE09A12BA7218400D2B74D /* Release */,
			);
			defaultConfigurationIsVisible = 0;
			defaultConfigurationName = Release;
		};
/* End XCConfigurationList section */
	};
	rootObject = 7FCE096D2BA7218000D2B74D /* Project object */;
}
